
Microsoft Visual Studio Solution File, Format Version 12.00
# Visual Studio Version 16
VisualStudioVersion = 16.0.28803.202
MinimumVisualStudioVersion = 10.0.40219.1
Project("{8BC9CEB8-8B4A-11D0-8D11-00A0C91BC942}") = "Speljongen", "SpelJongEmu\SpelJongEmu.vcxproj", "{319AA04C-371B-4F9A-BC53-B0B6FF07D18B}"
EndProject
Project("{8BC9CEB8-8B4A-11D0-8D11-00A0C91BC942}") = "spel-osgc", "spel-osgc\spel-osgc.vcxproj", "{CDF80FCC-CA93-4312-A40E-30D0AB6B503E}"
EndProject
Global
	GlobalSection(SolutionConfigurationPlatforms) = preSolution
		Debug|x64 = Debug|x64
		Debug|x86 = Debug|x86
		Release|x64 = Release|x64
		Release|x86 = Release|x86
	EndGlobalSection
	GlobalSection(ProjectConfigurationPlatforms) = postSolution
		{319AA04C-371B-4F9A-BC53-B0B6FF07D18B}.Debug|x64.ActiveCfg = Debug|x64
		{319AA04C-371B-4F9A-BC53-B0B6FF07D18B}.Debug|x64.Build.0 = Debug|x64
		{319AA04C-371B-4F9A-BC53-B0B6FF07D18B}.Debug|x86.ActiveCfg = Debug|Win32
		{319AA04C-371B-4F9A-BC53-B0B6FF07D18B}.Debug|x86.Build.0 = Debug|Win32
		{319AA04C-371B-4F9A-BC53-B0B6FF07D18B}.Release|x64.ActiveCfg = Release|x64
		{319AA04C-371B-4F9A-BC53-B0B6FF07D18B}.Release|x64.Build.0 = Release|x64
		{319AA04C-371B-4F9A-BC53-B0B6FF07D18B}.Release|x86.ActiveCfg = Release|Win32
		{319AA04C-371B-4F9A-BC53-B0B6FF07D18B}.Release|x86.Build.0 = Release|Win32
		{CDF80FCC-CA93-4312-A40E-30D0AB6B503E}.Debug|x64.ActiveCfg = Debug|x64
		{CDF80FCC-CA93-4312-A40E-30D0AB6B503E}.Debug|x64.Build.0 = Debug|x64
		{CDF80FCC-CA93-4312-A40E-30D0AB6B503E}.Debug|x86.ActiveCfg = Debug|Win32
		{CDF80FCC-CA93-4312-A40E-30D0AB6B503E}.Debug|x86.Build.0 = Debug|Win32
		{CDF80FCC-CA93-4312-A40E-30D0AB6B503E}.Release|x64.ActiveCfg = Release|x64
		{CDF80FCC-CA93-4312-A40E-30D0AB6B503E}.Release|x64.Build.0 = Release|x64
		{CDF80FCC-CA93-4312-A40E-30D0AB6B503E}.Release|x86.ActiveCfg = Release|Win32
		{CDF80FCC-CA93-4312-A40E-30D0AB6B503E}.Release|x86.Build.0 = Release|Win32
	EndGlobalSection
	GlobalSection(SolutionProperties) = preSolution
		HideSolutionNode = FALSE
	EndGlobalSection
	GlobalSection(ExtensibilityGlobals) = postSolution
		SolutionGuid = {E94921C8-C103-42D5-951B-A55618E354A2}
	EndGlobalSection
EndGlobal
